
Microsoft Visual Studio Solution File, Format Version 12.00
# Visual Studio Version 16
VisualStudioVersion = 16.0.30717.126
MinimumVisualStudioVersion = 10.0.40219.1
Project("{FAE04EC0-301F-11D3-BF4B-00C04F79EFBC}") = "DataLayer", "DataLayer\DataLayer.csproj", "{956B0406-61A3-4FF8-B8F1-0F2C75376664}"
EndProject
Project("{FAE04EC0-301F-11D3-BF4B-00C04F79EFBC}") = "Presentation", "Presentation\Presentation.csproj", "{6E4B1393-D7DF-41A1-97D8-EFF0CC1475F7}"
EndProject
Global
	GlobalSection(SolutionConfigurationPlatforms) = preSolution
		Debug|Any CPU = Debug|Any CPU
		Release|Any CPU = Release|Any CPU
	EndGlobalSection
	GlobalSection(ProjectConfigurationPlatforms) = postSolution
		{956B0406-61A3-4FF8-B8F1-0F2C75376664}.Debug|Any CPU.ActiveCfg = Debug|Any CPU
		{956B0406-61A3-4FF8-B8F1-0F2C75376664}.Debug|Any CPU.Build.0 = Debug|Any CPU
		{956B0406-61A3-4FF8-B8F1-0F2C75376664}.Release|Any CPU.ActiveCfg = Release|Any CPU
		{956B0406-61A3-4FF8-B8F1-0F2C75376664}.Release|Any CPU.Build.0 = Release|Any CPU
		{6E4B1393-D7DF-41A1-97D8-EFF0CC1475F7}.Debug|Any CPU.ActiveCfg = Debug|Any CPU
		{6E4B1393-D7DF-41A1-97D8-EFF0CC1475F7}.Debug|Any CPU.Build.0 = Debug|Any CPU
		{6E4B1393-D7DF-41A1-97D8-EFF0CC1475F7}.Release|Any CPU.ActiveCfg = Release|Any CPU
		{6E4B1393-D7DF-41A1-97D8-EFF0CC1475F7}.Release|Any CPU.Build.0 = Release|Any CPU
	EndGlobalSection
	GlobalSection(SolutionProperties) = preSolution
		HideSolutionNode = FALSE
	EndGlobalSection
	GlobalSection(ExtensibilityGlobals) = postSolution
		SolutionGuid = {AF2EEA1A-79F8-418F-9948-EA32478A8B81}
	EndGlobalSection
EndGlobal
